// !$*UTF8*$!
{
	archiveVersion = 1;
	classes = {
	};
	objectVersion = 50;
	objects = {

/* Begin PBXBuildFile section */
		71118BE323AD179100730774 /* AppDelegate.swift in Sources */ = {isa = PBXBuildFile; fileRef = 71118BE223AD179100730774 /* AppDelegate.swift */; };
		71118BE523AD179100730774 /* SceneDelegate.swift in Sources */ = {isa = PBXBuildFile; fileRef = 71118BE423AD179100730774 /* SceneDelegate.swift */; };
		71118BE723AD179100730774 /* ViewController.swift in Sources */ = {isa = PBXBuildFile; fileRef = 71118BE623AD179100730774 /* ViewController.swift */; };
		71118BEA23AD179100730774 /* Main.storyboard in Resources */ = {isa = PBXBuildFile; fileRef = 71118BE823AD179100730774 /* Main.storyboard */; };
		71118BEC23AD179600730774 /* Assets.xcassets in Resources */ = {isa = PBXBuildFile; fileRef = 71118BEB23AD179600730774 /* Assets.xcassets */; };
		71118BEF23AD179600730774 /* LaunchScreen.storyboard in Resources */ = {isa = PBXBuildFile; fileRef = 71118BED23AD179600730774 /* LaunchScreen.storyboard */; };
		71118BFA23AD179700730774 /* RSR_PechhulpTests.swift in Sources */ = {isa = PBXBuildFile; fileRef = 71118BF923AD179700730774 /* RSR_PechhulpTests.swift */; };
		71118C0523AD179700730774 /* RSR_PechhulpUITests.swift in Sources */ = {isa = PBXBuildFile; fileRef = 71118C0423AD179700730774 /* RSR_PechhulpUITests.swift */; };
/* End PBXBuildFile section */

/* Begin PBXContainerItemProxy section */
		71118BF623AD179700730774 /* PBXContainerItemProxy */ = {
			isa = PBXContainerItemProxy;
			containerPortal = 71118BD723AD179100730774 /* Project object */;
			proxyType = 1;
			remoteGlobalIDString = 71118BDE23AD179100730774;
			remoteInfo = "RSR Pechhulp";
		};
		71118C0123AD179700730774 /* PBXContainerItemProxy */ = {
			isa = PBXContainerItemProxy;
			containerPortal = 71118BD723AD179100730774 /* Project object */;
			proxyType = 1;
			remoteGlobalIDString = 71118BDE23AD179100730774;
			remoteInfo = "RSR Pechhulp";
		};
/* End PBXContainerItemProxy section */

/* Begin PBXFileReference section */
		71118BDF23AD179100730774 /* RSR Pechhulp.app */ = {isa = PBXFileReference; explicitFileType = wrapper.application; includeInIndex = 0; path = "RSR Pechhulp.app"; sourceTree = BUILT_PRODUCTS_DIR; };
		71118BE223AD179100730774 /* AppDelegate.swift */ = {isa = PBXFileReference; lastKnownFileType = sourcecode.swift; path = AppDelegate.swift; sourceTree = "<group>"; };
		71118BE423AD179100730774 /* SceneDelegate.swift */ = {isa = PBXFileReference; lastKnownFileType = sourcecode.swift; path = SceneDelegate.swift; sourceTree = "<group>"; };
		71118BE623AD179100730774 /* ViewController.swift */ = {isa = PBXFileReference; lastKnownFileType = sourcecode.swift; path = ViewController.swift; sourceTree = "<group>"; };
		71118BE923AD179100730774 /* Base */ = {isa = PBXFileReference; lastKnownFileType = file.storyboard; name = Base; path = Base.lproj/Main.storyboard; sourceTree = "<group>"; };
		71118BEB23AD179600730774 /* Assets.xcassets */ = {isa = PBXFileReference; lastKnownFileType = folder.assetcatalog; path = Assets.xcassets; sourceTree = "<group>"; };
		71118BEE23AD179600730774 /* Base */ = {isa = PBXFileReference; lastKnownFileType = file.storyboard; name = Base; path = Base.lproj/LaunchScreen.storyboard; sourceTree = "<group>"; };
		71118BF023AD179600730774 /* Info.plist */ = {isa = PBXFileReference; lastKnownFileType = text.plist.xml; path = Info.plist; sourceTree = "<group>"; };
		71118BF523AD179700730774 /* RSR PechhulpTests.xctest */ = {isa = PBXFileReference; explicitFileType = wrapper.cfbundle; includeInIndex = 0; path = "RSR PechhulpTests.xctest"; sourceTree = BUILT_PRODUCTS_DIR; };
		71118BF923AD179700730774 /* RSR_PechhulpTests.swift */ = {isa = PBXFileReference; lastKnownFileType = sourcecode.swift; path = RSR_PechhulpTests.swift; sourceTree = "<group>"; };
		71118BFB23AD179700730774 /* Info.plist */ = {isa = PBXFileReference; lastKnownFileType = text.plist.xml; path = Info.plist; sourceTree = "<group>"; };
		71118C0023AD179700730774 /* RSR PechhulpUITests.xctest */ = {isa = PBXFileReference; explicitFileType = wrapper.cfbundle; includeInIndex = 0; path = "RSR PechhulpUITests.xctest"; sourceTree = BUILT_PRODUCTS_DIR; };
		71118C0423AD179700730774 /* RSR_PechhulpUITests.swift */ = {isa = PBXFileReference; lastKnownFileType = sourcecode.swift; path = RSR_PechhulpUITests.swift; sourceTree = "<group>"; };
		71118C0623AD179700730774 /* Info.plist */ = {isa = PBXFileReference; lastKnownFileType = text.plist.xml; path = Info.plist; sourceTree = "<group>"; };
/* End PBXFileReference section */

/* Begin PBXFrameworksBuildPhase section */
		71118BDC23AD179100730774 /* Frameworks */ = {
			isa = PBXFrameworksBuildPhase;
			buildActionMask = 2147483647;
			files = (
			);
			runOnlyForDeploymentPostprocessing = 0;
		};
		71118BF223AD179700730774 /* Frameworks */ = {
			isa = PBXFrameworksBuildPhase;
			buildActionMask = 2147483647;
			files = (
			);
			runOnlyForDeploymentPostprocessing = 0;
		};
		71118BFD23AD179700730774 /* Frameworks */ = {
			isa = PBXFrameworksBuildPhase;
			buildActionMask = 2147483647;
			files = (
			);
			runOnlyForDeploymentPostprocessing = 0;
		};
/* End PBXFrameworksBuildPhase section */

/* Begin PBXGroup section */
		71118BD623AD179100730774 = {
			isa = PBXGroup;
			children = (
				71118BE123AD179100730774 /* RSR Pechhulp */,
				71118BF823AD179700730774 /* RSR PechhulpTests */,
				71118C0323AD179700730774 /* RSR PechhulpUITests */,
				71118BE023AD179100730774 /* Products */,
			);
			sourceTree = "<group>";
		};
		71118BE023AD179100730774 /* Products */ = {
			isa = PBXGroup;
			children = (
				71118BDF23AD179100730774 /* RSR Pechhulp.app */,
				71118BF523AD179700730774 /* RSR PechhulpTests.xctest */,
				71118C0023AD179700730774 /* RSR PechhulpUITests.xctest */,
			);
			name = Products;
			sourceTree = "<group>";
		};
		71118BE123AD179100730774 /* RSR Pechhulp */ = {
			isa = PBXGroup;
			children = (
				71118BE223AD179100730774 /* AppDelegate.swift */,
				71118BE423AD179100730774 /* SceneDelegate.swift */,
				71118BE623AD179100730774 /* ViewController.swift */,
				71118BE823AD179100730774 /* Main.storyboard */,
				71118BEB23AD179600730774 /* Assets.xcassets */,
				71118BED23AD179600730774 /* LaunchScreen.storyboard */,
				71118BF023AD179600730774 /* Info.plist */,
			);
			path = "RSR Pechhulp";
			sourceTree = "<group>";
		};
		71118BF823AD179700730774 /* RSR PechhulpTests */ = {
			isa = PBXGroup;
			children = (
				71118BF923AD179700730774 /* RSR_PechhulpTests.swift */,
				71118BFB23AD179700730774 /* Info.plist */,
			);
			path = "RSR PechhulpTests";
			sourceTree = "<group>";
		};
		71118C0323AD179700730774 /* RSR PechhulpUITests */ = {
			isa = PBXGroup;
			children = (
				71118C0423AD179700730774 /* RSR_PechhulpUITests.swift */,
				71118C0623AD179700730774 /* Info.plist */,
			);
			path = "RSR PechhulpUITests";
			sourceTree = "<group>";
		};
/* End PBXGroup section */

/* Begin PBXNativeTarget section */
		71118BDE23AD179100730774 /* RSR Pechhulp */ = {
			isa = PBXNativeTarget;
			buildConfigurationList = 71118C0923AD179700730774 /* Build configuration list for PBXNativeTarget "RSR Pechhulp" */;
			buildPhases = (
				71118BDB23AD179100730774 /* Sources */,
				71118BDC23AD179100730774 /* Frameworks */,
				71118BDD23AD179100730774 /* Resources */,
			);
			buildRules = (
			);
			dependencies = (
			);
			name = "RSR Pechhulp";
			productName = "RSR Pechhulp";
			productReference = 71118BDF23AD179100730774 /* RSR Pechhulp.app */;
			productType = "com.apple.product-type.application";
		};
		71118BF423AD179700730774 /* RSR PechhulpTests */ = {
			isa = PBXNativeTarget;
			buildConfigurationList = 71118C0C23AD179700730774 /* Build configuration list for PBXNativeTarget "RSR PechhulpTests" */;
			buildPhases = (
				71118BF123AD179700730774 /* Sources */,
				71118BF223AD179700730774 /* Frameworks */,
				71118BF323AD179700730774 /* Resources */,
			);
			buildRules = (
			);
			dependencies = (
				71118BF723AD179700730774 /* PBXTargetDependency */,
			);
			name = "RSR PechhulpTests";
			productName = "RSR PechhulpTests";
			productReference = 71118BF523AD179700730774 /* RSR PechhulpTests.xctest */;
			productType = "com.apple.product-type.bundle.unit-test";
		};
		71118BFF23AD179700730774 /* RSR PechhulpUITests */ = {
			isa = PBXNativeTarget;
			buildConfigurationList = 71118C0F23AD179700730774 /* Build configuration list for PBXNativeTarget "RSR PechhulpUITests" */;
			buildPhases = (
				71118BFC23AD179700730774 /* Sources */,
				71118BFD23AD179700730774 /* Frameworks */,
				71118BFE23AD179700730774 /* Resources */,
			);
			buildRules = (
			);
			dependencies = (
				71118C0223AD179700730774 /* PBXTargetDependency */,
			);
			name = "RSR PechhulpUITests";
			productName = "RSR PechhulpUITests";
			productReference = 71118C0023AD179700730774 /* RSR PechhulpUITests.xctest */;
			productType = "com.apple.product-type.bundle.ui-testing";
		};
/* End PBXNativeTarget section */

/* Begin PBXProject section */
		71118BD723AD179100730774 /* Project object */ = {
			isa = PBXProject;
			attributes = {
				LastSwiftUpdateCheck = 1130;
				LastUpgradeCheck = 1130;
				ORGANIZATIONNAME = "Rafael Santos";
				TargetAttributes = {
					71118BDE23AD179100730774 = {
						CreatedOnToolsVersion = 11.3;
					};
					71118BF423AD179700730774 = {
						CreatedOnToolsVersion = 11.3;
						TestTargetID = 71118BDE23AD179100730774;
					};
					71118BFF23AD179700730774 = {
						CreatedOnToolsVersion = 11.3;
						TestTargetID = 71118BDE23AD179100730774;
					};
				};
			};
			buildConfigurationList = 71118BDA23AD179100730774 /* Build configuration list for PBXProject "RSR Pechhulp" */;
			compatibilityVersion = "Xcode 9.3";
			developmentRegion = en;
			hasScannedForEncodings = 0;
			knownRegions = (
				en,
				Base,
			);
			mainGroup = 71118BD623AD179100730774;
			productRefGroup = 71118BE023AD179100730774 /* Products */;
			projectDirPath = "";
			projectRoot = "";
			targets = (
				71118BDE23AD179100730774 /* RSR Pechhulp */,
				71118BF423AD179700730774 /* RSR PechhulpTests */,
				71118BFF23AD179700730774 /* RSR PechhulpUITests */,
			);
		};
/* End PBXProject section */

/* Begin PBXResourcesBuildPhase section */
		71118BDD23AD179100730774 /* Resources */ = {
			isa = PBXResourcesBuildPhase;
			buildActionMask = 2147483647;
			files = (
				71118BEF23AD179600730774 /* LaunchScreen.storyboard in Resources */,
				71118BEC23AD179600730774 /* Assets.xcassets in Resources */,
				71118BEA23AD179100730774 /* Main.storyboard in Resources */,
			);
			runOnlyForDeploymentPostprocessing = 0;
		};
		71118BF323AD179700730774 /* Resources */ = {
			isa = PBXResourcesBuildPhase;
			buildActionMask = 2147483647;
			files = (
			);
			runOnlyForDeploymentPostprocessing = 0;
		};
		71118BFE23AD179700730774 /* Resources */ = {
			isa = PBXResourcesBuildPhase;
			buildActionMask = 2147483647;
			files = (
			);
			runOnlyForDeploymentPostprocessing = 0;
		};
/* End PBXResourcesBuildPhase section */

/* Begin PBXSourcesBuildPhase section */
		71118BDB23AD179100730774 /* Sources */ = {
			isa = PBXSourcesBuildPhase;
			buildActionMask = 2147483647;
			files = (
				71118BE723AD179100730774 /* ViewController.swift in Sources */,
				71118BE323AD179100730774 /* AppDelegate.swift in Sources */,
				71118BE523AD179100730774 /* SceneDelegate.swift in Sources */,
			);
			runOnlyForDeploymentPostprocessing = 0;
		};
		71118BF123AD179700730774 /* Sources */ = {
			isa = PBXSourcesBuildPhase;
			buildActionMask = 2147483647;
			files = (
				71118BFA23AD179700730774 /* RSR_PechhulpTests.swift in Sources */,
			);
			runOnlyForDeploymentPostprocessing = 0;
		};
		71118BFC23AD179700730774 /* Sources */ = {
			isa = PBXSourcesBuildPhase;
			buildActionMask = 2147483647;
			files = (
				71118C0523AD179700730774 /* RSR_PechhulpUITests.swift in Sources */,
			);
			runOnlyForDeploymentPostprocessing = 0;
		};
/* End PBXSourcesBuildPhase section */

/* Begin PBXTargetDependency section */
		71118BF723AD179700730774 /* PBXTargetDependency */ = {
			isa = PBXTargetDependency;
			target = 71118BDE23AD179100730774 /* RSR Pechhulp */;
			targetProxy = 71118BF623AD179700730774 /* PBXContainerItemProxy */;
		};
		71118C0223AD179700730774 /* PBXTargetDependency */ = {
			isa = PBXTargetDependency;
			target = 71118BDE23AD179100730774 /* RSR Pechhulp */;
			targetProxy = 71118C0123AD179700730774 /* PBXContainerItemProxy */;
		};
/* End PBXTargetDependency section */

/* Begin PBXVariantGroup section */
		71118BE823AD179100730774 /* Main.storyboard */ = {
			isa = PBXVariantGroup;
			children = (
				71118BE923AD179100730774 /* Base */,
			);
			name = Main.storyboard;
			sourceTree = "<group>";
		};
		71118BED23AD179600730774 /* LaunchScreen.storyboard */ = {
			isa = PBXVariantGroup;
			children = (
				71118BEE23AD179600730774 /* Base */,
			);
			name = LaunchScreen.storyboard;
			sourceTree = "<group>";
		};
/* End PBXVariantGroup section */

/* Begin XCBuildConfiguration section */
		71118C0723AD179700730774 /* Debug */ = {
			isa = XCBuildConfiguration;
			buildSettings = {
				ALWAYS_SEARCH_USER_PATHS = NO;
				CLANG_ANALYZER_NONNULL = YES;
				CLANG_ANALYZER_NUMBER_OBJECT_CONVERSION = YES_AGGRESSIVE;
				CLANG_CXX_LANGUAGE_STANDARD = "gnu++14";
				CLANG_CXX_LIBRARY = "libc++";
				CLANG_ENABLE_MODULES = YES;
				CLANG_ENABLE_OBJC_ARC = YES;
				CLANG_ENABLE_OBJC_WEAK = YES;
				CLANG_WARN_BLOCK_CAPTURE_AUTORELEASING = YES;
				CLANG_WARN_BOOL_CONVERSION = YES;
				CLANG_WARN_COMMA = YES;
				CLANG_WARN_CONSTANT_CONVERSION = YES;
				CLANG_WARN_DEPRECATED_OBJC_IMPLEMENTATIONS = YES;
				CLANG_WARN_DIRECT_OBJC_ISA_USAGE = YES_ERROR;
				CLANG_WARN_DOCUMENTATION_COMMENTS = YES;
				CLANG_WARN_EMPTY_BODY = YES;
				CLANG_WARN_ENUM_CONVERSION = YES;
				CLANG_WARN_INFINITE_RECURSION = YES;
				CLANG_WARN_INT_CONVERSION = YES;
				CLANG_WARN_NON_LITERAL_NULL_CONVERSION = YES;
				CLANG_WARN_OBJC_IMPLICIT_RETAIN_SELF = YES;
				CLANG_WARN_OBJC_LITERAL_CONVERSION = YES;
				CLANG_WARN_OBJC_ROOT_CLASS = YES_ERROR;
				CLANG_WARN_RANGE_LOOP_ANALYSIS = YES;
				CLANG_WARN_STRICT_PROTOTYPES = YES;
				CLANG_WARN_SUSPICIOUS_MOVE = YES;
				CLANG_WARN_UNGUARDED_AVAILABILITY = YES_AGGRESSIVE;
				CLANG_WARN_UNREACHABLE_CODE = YES;
				CLANG_WARN__DUPLICATE_METHOD_MATCH = YES;
				COPY_PHASE_STRIP = NO;
				DEBUG_INFORMATION_FORMAT = dwarf;
				ENABLE_STRICT_OBJC_MSGSEND = YES;
				ENABLE_TESTABILITY = YES;
				GCC_C_LANGUAGE_STANDARD = gnu11;
				GCC_DYNAMIC_NO_PIC = NO;
				GCC_NO_COMMON_BLOCKS = YES;
				GCC_OPTIMIZATION_LEVEL = 0;
				GCC_PREPROCESSOR_DEFINITIONS = (
					"DEBUG=1",
					"$(inherited)",
				);
				GCC_WARN_64_TO_32_BIT_CONVERSION = YES;
				GCC_WARN_ABOUT_RETURN_TYPE = YES_ERROR;
				GCC_WARN_UNDECLARED_SELECTOR = YES;
				GCC_WARN_UNINITIALIZED_AUTOS = YES_AGGRESSIVE;
				GCC_WARN_UNUSED_FUNCTION = YES;
				GCC_WARN_UNUSED_VARIABLE = YES;
				IPHONEOS_DEPLOYMENT_TARGET = 13.2;
				MTL_ENABLE_DEBUG_INFO = INCLUDE_SOURCE;
				MTL_FAST_MATH = YES;
				ONLY_ACTIVE_ARCH = YES;
				SDKROOT = iphoneos;
				SWIFT_ACTIVE_COMPILATION_CONDITIONS = DEBUG;
				SWIFT_OPTIMIZATION_LEVEL = "-Onone";
			};
			name = Debug;
		};
		71118C0823AD179700730774 /* Release */ = {
			isa = XCBuildConfiguration;
			buildSettings = {
				ALWAYS_SEARCH_USER_PATHS = NO;
				CLANG_ANALYZER_NONNULL = YES;
				CLANG_ANALYZER_NUMBER_OBJECT_CONVERSION = YES_AGGRESSIVE;
				CLANG_CXX_LANGUAGE_STANDARD = "gnu++14";
				CLANG_CXX_LIBRARY = "libc++";
				CLANG_ENABLE_MODULES = YES;
				CLANG_ENABLE_OBJC_ARC = YES;
				CLANG_ENABLE_OBJC_WEAK = YES;
				CLANG_WARN_BLOCK_CAPTURE_AUTORELEASING = YES;
				CLANG_WARN_BOOL_CONVERSION = YES;
				CLANG_WARN_COMMA = YES;
				CLANG_WARN_CONSTANT_CONVERSION = YES;
				CLANG_WARN_DEPRECATED_OBJC_IMPLEMENTATIONS = YES;
				CLANG_WARN_DIRECT_OBJC_ISA_USAGE = YES_ERROR;
				CLANG_WARN_DOCUMENTATION_COMMENTS = YES;
				CLANG_WARN_EMPTY_BODY = YES;
				CLANG_WARN_ENUM_CONVERSION = YES;
				CLANG_WARN_INFINITE_RECURSION = YES;
				CLANG_WARN_INT_CONVERSION = YES;
				CLANG_WARN_NON_LITERAL_NULL_CONVERSION = YES;
				CLANG_WARN_OBJC_IMPLICIT_RETAIN_SELF = YES;
				CLANG_WARN_OBJC_LITERAL_CONVERSION = YES;
				CLANG_WARN_OBJC_ROOT_CLASS = YES_ERROR;
				CLANG_WARN_RANGE_LOOP_ANALYSIS = YES;
				CLANG_WARN_STRICT_PROTOTYPES = YES;
				CLANG_WARN_SUSPICIOUS_MOVE = YES;
				CLANG_WARN_UNGUARDED_AVAILABILITY = YES_AGGRESSIVE;
				CLANG_WARN_UNREACHABLE_CODE = YES;
				CLANG_WARN__DUPLICATE_METHOD_MATCH = YES;
				COPY_PHASE_STRIP = NO;
				DEBUG_INFORMATION_FORMAT = "dwarf-with-dsym";
				ENABLE_NS_ASSERTIONS = NO;
				ENABLE_STRICT_OBJC_MSGSEND = YES;
				GCC_C_LANGUAGE_STANDARD = gnu11;
				GCC_NO_COMMON_BLOCKS = YES;
				GCC_WARN_64_TO_32_BIT_CONVERSION = YES;
				GCC_WARN_ABOUT_RETURN_TYPE = YES_ERROR;
				GCC_WARN_UNDECLARED_SELECTOR = YES;
				GCC_WARN_UNINITIALIZED_AUTOS = YES_AGGRESSIVE;
				GCC_WARN_UNUSED_FUNCTION = YES;
				GCC_WARN_UNUSED_VARIABLE = YES;
				IPHONEOS_DEPLOYMENT_TARGET = 13.2;
				MTL_ENABLE_DEBUG_INFO = NO;
				MTL_FAST_MATH = YES;
				SDKROOT = iphoneos;
				SWIFT_COMPILATION_MODE = wholemodule;
				SWIFT_OPTIMIZATION_LEVEL = "-O";
				VALIDATE_PRODUCT = YES;
			};
			name = Release;
		};
		71118C0A23AD179700730774 /* Debug */ = {
			isa = XCBuildConfiguration;
			buildSettings = {
				ASSETCATALOG_COMPILER_APPICON_NAME = AppIcon;
				CODE_SIGN_STYLE = Automatic;
				DEVELOPMENT_TEAM = 8JSPBLZJX6;
				INFOPLIST_FILE = "RSR Pechhulp/Info.plist";
				LD_RUNPATH_SEARCH_PATHS = (
					"$(inherited)",
					"@executable_path/Frameworks",
				);
				PRODUCT_BUNDLE_IDENTIFIER = "com.rafaelcsantos.RSR-Pechhulp";
				PRODUCT_NAME = "$(TARGET_NAME)";
				SWIFT_VERSION = 5.0;
				TARGETED_DEVICE_FAMILY = "1,2";
			};
			name = Debug;
		};
		71118C0B23AD179700730774 /* Release */ = {
			isa = XCBuildConfiguration;
			buildSettings = {
				ASSETCATALOG_COMPILER_APPICON_NAME = AppIcon;
				CODE_SIGN_STYLE = Automatic;
				DEVELOPMENT_TEAM = 8JSPBLZJX6;
				INFOPLIST_FILE = "RSR Pechhulp/Info.plist";
				LD_RUNPATH_SEARCH_PATHS = (
					"$(inherited)",
					"@executable_path/Frameworks",
				);
				PRODUCT_BUNDLE_IDENTIFIER = "com.rafaelcsantos.RSR-Pechhulp";
				PRODUCT_NAME = "$(TARGET_NAME)";
				SWIFT_VERSION = 5.0;
				TARGETED_DEVICE_FAMILY = "1,2";
			};
			name = Release;
		};
		71118C0D23AD179700730774 /* Debug */ = {
			isa = XCBuildConfiguration;
			buildSettings = {
				ALWAYS_EMBED_SWIFT_STANDARD_LIBRARIES = YES;
				BUNDLE_LOADER = "$(TEST_HOST)";
				CODE_SIGN_STYLE = Automatic;
				DEVELOPMENT_TEAM = 8JSPBLZJX6;
				INFOPLIST_FILE = "RSR PechhulpTests/Info.plist";
				IPHONEOS_DEPLOYMENT_TARGET = 13.2;
				LD_RUNPATH_SEARCH_PATHS = (
					"$(inherited)",
					"@executable_path/Frameworks",
					"@loader_path/Frameworks",
				);
				PRODUCT_BUNDLE_IDENTIFIER = "com.rafaelcsantos.RSR-PechhulpTests";
				PRODUCT_NAME = "$(TARGET_NAME)";
				SWIFT_VERSION = 5.0;
				TARGETED_DEVICE_FAMILY = "1,2";
				TEST_HOST = "$(BUILT_PRODUCTS_DIR)/RSR Pechhulp.app/RSR Pechhulp";
			};
			name = Debug;
		};
		71118C0E23AD179700730774 /* Release */ = {
			isa = XCBuildConfiguration;
			buildSettings = {
				ALWAYS_EMBED_SWIFT_STANDARD_LIBRARIES = YES;
				BUNDLE_LOADER = "$(TEST_HOST)";
				CODE_SIGN_STYLE = Automatic;
				DEVELOPMENT_TEAM = 8JSPBLZJX6;
				INFOPLIST_FILE = "RSR PechhulpTests/Info.plist";
				IPHONEOS_DEPLOYMENT_TARGET = 13.2;
				LD_RUNPATH_SEARCH_PATHS = (
					"$(inherited)",
					"@executable_path/Frameworks",
					"@loader_path/Frameworks",
				);
				PRODUCT_BUNDLE_IDENTIFIER = "com.rafaelcsantos.RSR-PechhulpTests";
				PRODUCT_NAME = "$(TARGET_NAME)";
				SWIFT_VERSION = 5.0;
				TARGETED_DEVICE_FAMILY = "1,2";
				TEST_HOST = "$(BUILT_PRODUCTS_DIR)/RSR Pechhulp.app/RSR Pechhulp";
			};
			name = Release;
		};
		71118C1023AD179700730774 /* Debug */ = {
			isa = XCBuildConfiguration;
			buildSettings = {
				ALWAYS_EMBED_SWIFT_STANDARD_LIBRARIES = YES;
				CODE_SIGN_STYLE = Automatic;
				DEVELOPMENT_TEAM = 8JSPBLZJX6;
				INFOPLIST_FILE = "RSR PechhulpUITests/Info.plist";
				LD_RUNPATH_SEARCH_PATHS = (
					"$(inherited)",
					"@executable_path/Frameworks",
					"@loader_path/Frameworks",
				);
				PRODUCT_BUNDLE_IDENTIFIER = "com.rafaelcsantos.RSR-PechhulpUITests";
				PRODUCT_NAME = "$(TARGET_NAME)";
				SWIFT_VERSION = 5.0;
				TARGETED_DEVICE_FAMILY = "1,2";
				TEST_TARGET_NAME = "RSR Pechhulp";
			};
			name = Debug;
		};
		71118C1123AD179700730774 /* Release */ = {
			isa = XCBuildConfiguration;
			buildSettings = {
				ALWAYS_EMBED_SWIFT_STANDARD_LIBRARIES = YES;
				CODE_SIGN_STYLE = Automatic;
				DEVELOPMENT_TEAM = 8JSPBLZJX6;
				INFOPLIST_FILE = "RSR PechhulpUITests/Info.plist";
				LD_RUNPATH_SEARCH_PATHS = (
					"$(inherited)",
					"@executable_path/Frameworks",
					"@loader_path/Frameworks",
				);
				PRODUCT_BUNDLE_IDENTIFIER = "com.rafaelcsantos.RSR-PechhulpUITests";
				PRODUCT_NAME = "$(TARGET_NAME)";
				SWIFT_VERSION = 5.0;
				TARGETED_DEVICE_FAMILY = "1,2";
				TEST_TARGET_NAME = "RSR Pechhulp";
			};
			name = Release;
		};
/* End XCBuildConfiguration section */

/* Begin XCConfigurationList section */
		71118BDA23AD179100730774 /* Build configuration list for PBXProject "RSR Pechhulp" */ = {
			isa = XCConfigurationList;
			buildConfigurations = (
				71118C0723AD179700730774 /* Debug */,
				71118C0823AD179700730774 /* Release */,
			);
			defaultConfigurationIsVisible = 0;
			defaultConfigurationName = Release;
		};
		71118C0923AD179700730774 /* Build configuration list for PBXNativeTarget "RSR Pechhulp" */ = {
			isa = XCConfigurationList;
			buildConfigurations = (
				71118C0A23AD179700730774 /* Debug */,
				71118C0B23AD179700730774 /* Release */,
			);
			defaultConfigurationIsVisible = 0;
			defaultConfigurationName = Release;
		};
		71118C0C23AD179700730774 /* Build configuration list for PBXNativeTarget "RSR PechhulpTests" */ = {
			isa = XCConfigurationList;
			buildConfigurations = (
				71118C0D23AD179700730774 /* Debug */,
				71118C0E23AD179700730774 /* Release */,
			);
			defaultConfigurationIsVisible = 0;
			defaultConfigurationName = Release;
		};
		71118C0F23AD179700730774 /* Build configuration list for PBXNativeTarget "RSR PechhulpUITests" */ = {
			isa = XCConfigurationList;
			buildConfigurations = (
				71118C1023AD179700730774 /* Debug */,
				71118C1123AD179700730774 /* Release */,
			);
			defaultConfigurationIsVisible = 0;
			defaultConfigurationName = Release;
		};
/* End XCConfigurationList section */
	};
	rootObject = 71118BD723AD179100730774 /* Project object */;
}
